<?xml version="1.0" encoding="utf-8"?>
<Project ToolsVersion="4.0" xmlns="http://schemas.microsoft.com/developer/msbuild/2003">
  <ItemGroup>
    <ClInclude Include="Player.h" />
    <ClInclude Include="PreCompile.h" />
    <ClInclude Include="ContentsCore.h" />
    <ClInclude Include="TitleGameMode.h">
      <Filter>GameMode</Filter>
    </ClInclude>
    <ClInclude Include="TitleLogo.h">
      <Filter>Title</Filter>
    </ClInclude>
  </ItemGroup>
  <ItemGroup>
    <ClCompile Include="Player.cpp" />
    <ClCompile Include="PreCompile.cpp" />
    <ClCompile Include="ContentsCore.cpp" />
    <ClCompile Include="TitleGameMode.cpp">
      <Filter>GameMode</Filter>
    </ClCompile>
    <ClCompile Include="TitleLogo.cpp">
      <Filter>Title</Filter>
    </ClCompile>
  </ItemGroup>
  <ItemGroup>
    <Filter Include="GameMode">
      <UniqueIdentifier>{b30b3464-9fea-42bc-a269-6d65ecf4f6c0}</UniqueIdentifier>
    </Filter>
    <Filter Include="Title">
      <UniqueIdentifier>{b8c8ade7-800f-4020-890f-43e613f26276}</UniqueIdentifier>
    </Filter>
  </ItemGroup>
</Project>