<?xml version="1.0" encoding="utf-8"?>
<Project ToolsVersion="4.0" xmlns="http://schemas.microsoft.com/developer/msbuild/2003">
  <ItemGroup>
    <ClCompile Include="PreCompile.cpp" />
    <ClCompile Include="TitleScreen.cpp">
      <Filter>Level</Filter>
    </ClCompile>
    <ClCompile Include="MainPlayer.cpp" />
    <ClCompile Include="ContentsCore.cpp" />
    <ClCompile Include="OpeningScene.cpp">
      <Filter>Level</Filter>
    </ClCompile>
    <ClCompile Include="HowToPlay.cpp">
      <Filter>OpeningImage</Filter>
    </ClCompile>
    <ClCompile Include="Developers.cpp">
      <Filter>OpeningImage</Filter>
    </ClCompile>
    <ClCompile Include="DevolverLogo.cpp">
      <Filter>OpeningImage</Filter>
    </ClCompile>
    <ClCompile Include="Partition.cpp">
      <Filter>UI</Filter>
    </ClCompile>
    <ClCompile Include="GemStatus.cpp">
      <Filter>UI</Filter>
    </ClCompile>
    <ClCompile Include="HealthStatus.cpp">
      <Filter>UI</Filter>
    </ClCompile>
    <ClCompile Include="BulletStatus.cpp">
      <Filter>UI</Filter>
    </ClCompile>
  </ItemGroup>
  <ItemGroup>
    <ClInclude Include="PreCompile.h" />
    <ClInclude Include="TitleScreen.h">
      <Filter>Level</Filter>
    </ClInclude>
    <ClInclude Include="MainPlayer.h" />
    <ClInclude Include="ContentsCore.h" />
    <ClInclude Include="OpeningScene.h">
      <Filter>Level</Filter>
    </ClInclude>
    <ClInclude Include="HowToPlay.h">
      <Filter>OpeningImage</Filter>
    </ClInclude>
    <ClInclude Include="Developers.h">
      <Filter>OpeningImage</Filter>
    </ClInclude>
    <ClInclude Include="DevolverLogo.h">
      <Filter>OpeningImage</Filter>
    </ClInclude>
    <ClInclude Include="Partition.h">
      <Filter>UI</Filter>
    </ClInclude>
    <ClInclude Include="GemStatus.h">
      <Filter>UI</Filter>
    </ClInclude>
    <ClInclude Include="HealthStatus.h">
      <Filter>UI</Filter>
    </ClInclude>
    <ClInclude Include="BulletStatus.h">
      <Filter>UI</Filter>
    </ClInclude>
  </ItemGroup>
  <ItemGroup>
    <Filter Include="Level">
      <UniqueIdentifier>{b96aece5-066d-4571-829a-7adf7505eea6}</UniqueIdentifier>
    </Filter>
    <Filter Include="OpeningImage">
      <UniqueIdentifier>{b40bf5c5-60be-418f-889a-241162cb8ad2}</UniqueIdentifier>
    </Filter>
    <Filter Include="UI">
      <UniqueIdentifier>{f4c513d7-263f-4ce9-a5bc-7b28b6bbda0f}</UniqueIdentifier>
    </Filter>
  </ItemGroup>
</Project>