<?xml version="1.0" encoding="utf-8"?>
<Project ToolsVersion="4.0" xmlns="http://schemas.microsoft.com/developer/msbuild/2003">
  <ItemGroup>
    <ClCompile Include="PreCompile.cpp" />
    <ClCompile Include="BaseUI.cpp">
      <Filter>Level</Filter>
    </ClCompile>
    <ClCompile Include="MainPlayer.cpp" />
    <ClCompile Include="ContentsCore.cpp" />
    <ClCompile Include="OpeningScene.cpp">
      <Filter>Level</Filter>
    </ClCompile>
    <ClCompile Include="HowToPlay.cpp">
      <Filter>Images\OpeningImage</Filter>
    </ClCompile>
    <ClCompile Include="Developers.cpp">
      <Filter>Images\OpeningImage</Filter>
    </ClCompile>
    <ClCompile Include="DevolverLogo.cpp">
      <Filter>Images\OpeningImage</Filter>
    </ClCompile>
    <ClCompile Include="Partition.cpp">
      <Filter>Images\UIImage</Filter>
    </ClCompile>
    <ClCompile Include="GemStatus.cpp">
      <Filter>Images\UIImage</Filter>
    </ClCompile>
    <ClCompile Include="HealthStatus.cpp">
      <Filter>Images\UIImage</Filter>
    </ClCompile>
    <ClCompile Include="BulletStatus.cpp">
      <Filter>Images\UIImage</Filter>
    </ClCompile>
    <ClCompile Include="TitleScreen.cpp">
      <Filter>Level</Filter>
    </ClCompile>
    <ClCompile Include="Well.cpp">
      <Filter>Images\TitleImage</Filter>
    </ClCompile>
    <ClCompile Include="NightSky.cpp">
      <Filter>Images\TitleImage</Filter>
    </ClCompile>
    <ClCompile Include="Grass.cpp">
      <Filter>Images\TitleImage</Filter>
    </ClCompile>
    <ClCompile Include="DitherFullScreen.cpp">
      <Filter>Images\Dithering</Filter>
    </ClCompile>
    <ClCompile Include="DownwellTitle.cpp">
      <Filter>Images\TitleImage</Filter>
    </ClCompile>
    <ClCompile Include="PauseScreen.cpp">
      <Filter>Level</Filter>
    </ClCompile>
    <ClCompile Include="SelectScreen.cpp">
      <Filter>Level</Filter>
    </ClCompile>
    <ClCompile Include="Land.cpp">
      <Filter>Images\TitleImage</Filter>
    </ClCompile>
    <ClCompile Include="PausedText.cpp">
      <Filter>Images\PSImage</Filter>
    </ClCompile>
  </ItemGroup>
  <ItemGroup>
    <ClInclude Include="PreCompile.h" />
    <ClInclude Include="BaseUI.h">
      <Filter>Level</Filter>
    </ClInclude>
    <ClInclude Include="MainPlayer.h" />
    <ClInclude Include="ContentsCore.h" />
    <ClInclude Include="OpeningScene.h">
      <Filter>Level</Filter>
    </ClInclude>
    <ClInclude Include="HowToPlay.h">
      <Filter>Images\OpeningImage</Filter>
    </ClInclude>
    <ClInclude Include="Developers.h">
      <Filter>Images\OpeningImage</Filter>
    </ClInclude>
    <ClInclude Include="DevolverLogo.h">
      <Filter>Images\OpeningImage</Filter>
    </ClInclude>
    <ClInclude Include="Partition.h">
      <Filter>Images\UIImage</Filter>
    </ClInclude>
    <ClInclude Include="GemStatus.h">
      <Filter>Images\UIImage</Filter>
    </ClInclude>
    <ClInclude Include="HealthStatus.h">
      <Filter>Images\UIImage</Filter>
    </ClInclude>
    <ClInclude Include="BulletStatus.h">
      <Filter>Images\UIImage</Filter>
    </ClInclude>
    <ClInclude Include="TitleScreen.h">
      <Filter>Level</Filter>
    </ClInclude>
    <ClInclude Include="Well.h">
      <Filter>Images\TitleImage</Filter>
    </ClInclude>
    <ClInclude Include="NightSky.h">
      <Filter>Images\TitleImage</Filter>
    </ClInclude>
    <ClInclude Include="Grass.h">
      <Filter>Images\TitleImage</Filter>
    </ClInclude>
    <ClInclude Include="DitherFullScreen.h">
      <Filter>Images\Dithering</Filter>
    </ClInclude>
    <ClInclude Include="DownwellTitle.h">
      <Filter>Images\TitleImage</Filter>
    </ClInclude>
    <ClInclude Include="PauseScreen.h">
      <Filter>Level</Filter>
    </ClInclude>
    <ClInclude Include="SelectScreen.h">
      <Filter>Level</Filter>
    </ClInclude>
    <ClInclude Include="Land.h">
      <Filter>Images\TitleImage</Filter>
    </ClInclude>
    <ClInclude Include="PausedText.h">
      <Filter>Images\PSImage</Filter>
    </ClInclude>
  </ItemGroup>
  <ItemGroup>
    <Filter Include="Level">
      <UniqueIdentifier>{b96aece5-066d-4571-829a-7adf7505eea6}</UniqueIdentifier>
    </Filter>
    <Filter Include="Images">
      <UniqueIdentifier>{8bd3b7ec-32a4-4255-b902-6dd83c29abf0}</UniqueIdentifier>
    </Filter>
    <Filter Include="Images\UIImage">
      <UniqueIdentifier>{f4c513d7-263f-4ce9-a5bc-7b28b6bbda0f}</UniqueIdentifier>
    </Filter>
    <Filter Include="Images\OpeningImage">
      <UniqueIdentifier>{b40bf5c5-60be-418f-889a-241162cb8ad2}</UniqueIdentifier>
    </Filter>
    <Filter Include="Images\TitleImage">
      <UniqueIdentifier>{45c4590a-ec0f-4141-8d4c-2a1d4ab5667b}</UniqueIdentifier>
    </Filter>
    <Filter Include="Images\Dithering">
      <UniqueIdentifier>{00e28e13-30ec-4f31-929e-92bc27046009}</UniqueIdentifier>
    </Filter>
    <Filter Include="Images\PSImage">
      <UniqueIdentifier>{c6a96ad1-9eea-4a41-850c-fd3a0d51559d}</UniqueIdentifier>
    </Filter>
  </ItemGroup>
</Project>