
Microsoft Visual Studio Solution File, Format Version 12.00
# Visual Studio Version 17
VisualStudioVersion = 17.11.35327.3
MinimumVisualStudioVersion = 10.0.40219.1
Project("{8BC9CEB8-8B4A-11D0-8D11-00A0C91BC942}") = "App", "TemporaryProject_DX\TemporaryProject_DX.vcxproj", "{668022E4-2110-48C9-83CC-D4586A69E581}"
EndProject
Project("{2150E333-8FDC-42A3-9474-1A3956D46DE8}") = "00", "00", "{46FBBA47-7603-46A9-A047-9268AB20F7DD}"
EndProject
Project("{2150E333-8FDC-42A3-9474-1A3956D46DE8}") = "01", "01", "{E71D1CE3-7D84-4C49-ABBE-9636A0A9CEDB}"
EndProject
Project("{2150E333-8FDC-42A3-9474-1A3956D46DE8}") = "02", "02", "{F4BDBD23-BCD0-42B4-B808-EFA166C36A1B}"
EndProject
Project("{2150E333-8FDC-42A3-9474-1A3956D46DE8}") = "03", "03", "{B58B6F6B-D300-4BF8-B572-7E3F2C4761BA}"
EndProject
Project("{2150E333-8FDC-42A3-9474-1A3956D46DE8}") = "04", "04", "{18421CA0-A391-4A67-8A87-7F48E7968345}"
EndProject
Project("{8BC9CEB8-8B4A-11D0-8D11-00A0C91BC942}") = "EngineContents", "EngineContents\EngineContents.vcxproj", "{5DACD77B-85E5-48E9-9031-5794FFAA280A}"
EndProject
Project("{8BC9CEB8-8B4A-11D0-8D11-00A0C91BC942}") = "EngineCore", "EngineCore\EngineCore.vcxproj", "{3786A82E-B6E4-43BF-8E72-978D5ECE7E1C}"
EndProject
Project("{8BC9CEB8-8B4A-11D0-8D11-00A0C91BC942}") = "EnginePlatform", "EnginePlatform\EnginePlatform.vcxproj", "{71915B5A-E439-4A8F-A638-B1B17D6E6F39}"
EndProject
Project("{8BC9CEB8-8B4A-11D0-8D11-00A0C91BC942}") = "EngineBase", "EngineBase\EngineBase.vcxproj", "{DF4B4291-93A5-40C0-A537-0725AC7F3321}"
EndProject
Global
	GlobalSection(SolutionConfigurationPlatforms) = preSolution
		Debug|x64 = Debug|x64
		Debug|x86 = Debug|x86
		Release|x64 = Release|x64
		Release|x86 = Release|x86
	EndGlobalSection
	GlobalSection(ProjectConfigurationPlatforms) = postSolution
		{668022E4-2110-48C9-83CC-D4586A69E581}.Debug|x64.ActiveCfg = Debug|x64
		{668022E4-2110-48C9-83CC-D4586A69E581}.Debug|x64.Build.0 = Debug|x64
		{668022E4-2110-48C9-83CC-D4586A69E581}.Debug|x86.ActiveCfg = Debug|Win32
		{668022E4-2110-48C9-83CC-D4586A69E581}.Debug|x86.Build.0 = Debug|Win32
		{668022E4-2110-48C9-83CC-D4586A69E581}.Release|x64.ActiveCfg = Release|x64
		{668022E4-2110-48C9-83CC-D4586A69E581}.Release|x64.Build.0 = Release|x64
		{668022E4-2110-48C9-83CC-D4586A69E581}.Release|x86.ActiveCfg = Release|Win32
		{668022E4-2110-48C9-83CC-D4586A69E581}.Release|x86.Build.0 = Release|Win32
		{5DACD77B-85E5-48E9-9031-5794FFAA280A}.Debug|x64.ActiveCfg = Debug|x64
		{5DACD77B-85E5-48E9-9031-5794FFAA280A}.Debug|x64.Build.0 = Debug|x64
		{5DACD77B-85E5-48E9-9031-5794FFAA280A}.Debug|x86.ActiveCfg = Debug|Win32
		{5DACD77B-85E5-48E9-9031-5794FFAA280A}.Debug|x86.Build.0 = Debug|Win32
		{5DACD77B-85E5-48E9-9031-5794FFAA280A}.Release|x64.ActiveCfg = Release|x64
		{5DACD77B-85E5-48E9-9031-5794FFAA280A}.Release|x64.Build.0 = Release|x64
		{5DACD77B-85E5-48E9-9031-5794FFAA280A}.Release|x86.ActiveCfg = Release|Win32
		{5DACD77B-85E5-48E9-9031-5794FFAA280A}.Release|x86.Build.0 = Release|Win32
		{3786A82E-B6E4-43BF-8E72-978D5ECE7E1C}.Debug|x64.ActiveCfg = Debug|x64
		{3786A82E-B6E4-43BF-8E72-978D5ECE7E1C}.Debug|x64.Build.0 = Debug|x64
		{3786A82E-B6E4-43BF-8E72-978D5ECE7E1C}.Debug|x86.ActiveCfg = Debug|Win32
		{3786A82E-B6E4-43BF-8E72-978D5ECE7E1C}.Debug|x86.Build.0 = Debug|Win32
		{3786A82E-B6E4-43BF-8E72-978D5ECE7E1C}.Release|x64.ActiveCfg = Release|x64
		{3786A82E-B6E4-43BF-8E72-978D5ECE7E1C}.Release|x64.Build.0 = Release|x64
		{3786A82E-B6E4-43BF-8E72-978D5ECE7E1C}.Release|x86.ActiveCfg = Release|Win32
		{3786A82E-B6E4-43BF-8E72-978D5ECE7E1C}.Release|x86.Build.0 = Release|Win32
		{71915B5A-E439-4A8F-A638-B1B17D6E6F39}.Debug|x64.ActiveCfg = Debug|x64
		{71915B5A-E439-4A8F-A638-B1B17D6E6F39}.Debug|x64.Build.0 = Debug|x64
		{71915B5A-E439-4A8F-A638-B1B17D6E6F39}.Debug|x86.ActiveCfg = Debug|Win32
		{71915B5A-E439-4A8F-A638-B1B17D6E6F39}.Debug|x86.Build.0 = Debug|Win32
		{71915B5A-E439-4A8F-A638-B1B17D6E6F39}.Release|x64.ActiveCfg = Release|x64
		{71915B5A-E439-4A8F-A638-B1B17D6E6F39}.Release|x64.Build.0 = Release|x64
		{71915B5A-E439-4A8F-A638-B1B17D6E6F39}.Release|x86.ActiveCfg = Release|Win32
		{71915B5A-E439-4A8F-A638-B1B17D6E6F39}.Release|x86.Build.0 = Release|Win32
		{DF4B4291-93A5-40C0-A537-0725AC7F3321}.Debug|x64.ActiveCfg = Debug|x64
		{DF4B4291-93A5-40C0-A537-0725AC7F3321}.Debug|x64.Build.0 = Debug|x64
		{DF4B4291-93A5-40C0-A537-0725AC7F3321}.Debug|x86.ActiveCfg = Debug|Win32
		{DF4B4291-93A5-40C0-A537-0725AC7F3321}.Debug|x86.Build.0 = Debug|Win32
		{DF4B4291-93A5-40C0-A537-0725AC7F3321}.Release|x64.ActiveCfg = Release|x64
		{DF4B4291-93A5-40C0-A537-0725AC7F3321}.Release|x64.Build.0 = Release|x64
		{DF4B4291-93A5-40C0-A537-0725AC7F3321}.Release|x86.ActiveCfg = Release|Win32
		{DF4B4291-93A5-40C0-A537-0725AC7F3321}.Release|x86.Build.0 = Release|Win32
	EndGlobalSection
	GlobalSection(SolutionProperties) = preSolution
		HideSolutionNode = FALSE
	EndGlobalSection
	GlobalSection(NestedProjects) = preSolution
		{668022E4-2110-48C9-83CC-D4586A69E581} = {18421CA0-A391-4A67-8A87-7F48E7968345}
		{5DACD77B-85E5-48E9-9031-5794FFAA280A} = {B58B6F6B-D300-4BF8-B572-7E3F2C4761BA}
		{3786A82E-B6E4-43BF-8E72-978D5ECE7E1C} = {F4BDBD23-BCD0-42B4-B808-EFA166C36A1B}
		{71915B5A-E439-4A8F-A638-B1B17D6E6F39} = {E71D1CE3-7D84-4C49-ABBE-9636A0A9CEDB}
		{DF4B4291-93A5-40C0-A537-0725AC7F3321} = {46FBBA47-7603-46A9-A047-9268AB20F7DD}
	EndGlobalSection
	GlobalSection(ExtensibilityGlobals) = postSolution
		SolutionGuid = {6B8635AA-138D-49E5-9AEB-CC8FDB4DCBAC}
	EndGlobalSection
EndGlobal
