
Microsoft Visual Studio Solution File, Format Version 12.00
# Visual Studio Version 17
VisualStudioVersion = 17.11.35327.3
MinimumVisualStudioVersion = 10.0.40219.1
Project("{2150E333-8FDC-42A3-9474-1A3956D46DE8}") = "00", "00", "{2C25D542-FAC0-4257-B295-215183CF03F5}"
EndProject
Project("{8BC9CEB8-8B4A-11D0-8D11-00A0C91BC942}") = "EngineBase", "EngineBase\EngineBase.vcxproj", "{327CE344-1989-467D-8480-9859CE5DCEAB}"
EndProject
Project("{2150E333-8FDC-42A3-9474-1A3956D46DE8}") = "01", "01", "{73480B8B-35C5-42BC-B32B-63447952B928}"
EndProject
Project("{8BC9CEB8-8B4A-11D0-8D11-00A0C91BC942}") = "EnginePlatform", "EnginePlatform\EnginePlatform.vcxproj", "{D4D673BD-9875-42EB-9F16-63F134E66ECA}"
	ProjectSection(ProjectDependencies) = postProject
		{327CE344-1989-467D-8480-9859CE5DCEAB} = {327CE344-1989-467D-8480-9859CE5DCEAB}
	EndProjectSection
EndProject
Project("{2150E333-8FDC-42A3-9474-1A3956D46DE8}") = "02", "02", "{8590599A-9795-4F31-8822-B4FEDDDD96A6}"
EndProject
Project("{8BC9CEB8-8B4A-11D0-8D11-00A0C91BC942}") = "EngineCore", "EngineCore\EngineCore.vcxproj", "{22D35EB2-3C87-483B-9CBA-047312989B3A}"
	ProjectSection(ProjectDependencies) = postProject
		{327CE344-1989-467D-8480-9859CE5DCEAB} = {327CE344-1989-467D-8480-9859CE5DCEAB}
		{D4D673BD-9875-42EB-9F16-63F134E66ECA} = {D4D673BD-9875-42EB-9F16-63F134E66ECA}
	EndProjectSection
EndProject
Project("{2150E333-8FDC-42A3-9474-1A3956D46DE8}") = "03", "03", "{65F89072-9C5F-4045-AE34-39523B16601D}"
EndProject
Project("{2150E333-8FDC-42A3-9474-1A3956D46DE8}") = "04", "04", "{D5FBB970-FA91-455B-855A-F46BE1031CAF}"
EndProject
Project("{8BC9CEB8-8B4A-11D0-8D11-00A0C91BC942}") = "APP", "APP\APP.vcxproj", "{97F39824-AB07-486E-B1B5-204E845520B5}"
	ProjectSection(ProjectDependencies) = postProject
		{22D35EB2-3C87-483B-9CBA-047312989B3A} = {22D35EB2-3C87-483B-9CBA-047312989B3A}
		{327CE344-1989-467D-8480-9859CE5DCEAB} = {327CE344-1989-467D-8480-9859CE5DCEAB}
		{AE183F26-4B39-48F5-811B-0337B92112BD} = {AE183F26-4B39-48F5-811B-0337B92112BD}
		{D4D673BD-9875-42EB-9F16-63F134E66ECA} = {D4D673BD-9875-42EB-9F16-63F134E66ECA}
	EndProjectSection
EndProject
Project("{8BC9CEB8-8B4A-11D0-8D11-00A0C91BC942}") = "EngineShader", "EngineShader\EngineShader.vcxproj", "{ECBCE818-EDCC-47A0-BB79-F2E96F758E74}"
EndProject
Project("{8BC9CEB8-8B4A-11D0-8D11-00A0C91BC942}") = "DownwellContents", "DownwellContents\DownwellContents.vcxproj", "{AE183F26-4B39-48F5-811B-0337B92112BD}"
	ProjectSection(ProjectDependencies) = postProject
		{22D35EB2-3C87-483B-9CBA-047312989B3A} = {22D35EB2-3C87-483B-9CBA-047312989B3A}
		{327CE344-1989-467D-8480-9859CE5DCEAB} = {327CE344-1989-467D-8480-9859CE5DCEAB}
		{D4D673BD-9875-42EB-9F16-63F134E66ECA} = {D4D673BD-9875-42EB-9F16-63F134E66ECA}
	EndProjectSection
EndProject
Global
	GlobalSection(SolutionConfigurationPlatforms) = preSolution
		Debug|x64 = Debug|x64
		Debug|x86 = Debug|x86
		Release|x64 = Release|x64
		Release|x86 = Release|x86
	EndGlobalSection
	GlobalSection(ProjectConfigurationPlatforms) = postSolution
		{327CE344-1989-467D-8480-9859CE5DCEAB}.Debug|x64.ActiveCfg = Debug|x64
		{327CE344-1989-467D-8480-9859CE5DCEAB}.Debug|x64.Build.0 = Debug|x64
		{327CE344-1989-467D-8480-9859CE5DCEAB}.Debug|x86.ActiveCfg = Debug|Win32
		{327CE344-1989-467D-8480-9859CE5DCEAB}.Debug|x86.Build.0 = Debug|Win32
		{327CE344-1989-467D-8480-9859CE5DCEAB}.Release|x64.ActiveCfg = Release|x64
		{327CE344-1989-467D-8480-9859CE5DCEAB}.Release|x64.Build.0 = Release|x64
		{327CE344-1989-467D-8480-9859CE5DCEAB}.Release|x86.ActiveCfg = Release|Win32
		{327CE344-1989-467D-8480-9859CE5DCEAB}.Release|x86.Build.0 = Release|Win32
		{D4D673BD-9875-42EB-9F16-63F134E66ECA}.Debug|x64.ActiveCfg = Debug|x64
		{D4D673BD-9875-42EB-9F16-63F134E66ECA}.Debug|x64.Build.0 = Debug|x64
		{D4D673BD-9875-42EB-9F16-63F134E66ECA}.Debug|x86.ActiveCfg = Debug|Win32
		{D4D673BD-9875-42EB-9F16-63F134E66ECA}.Debug|x86.Build.0 = Debug|Win32
		{D4D673BD-9875-42EB-9F16-63F134E66ECA}.Release|x64.ActiveCfg = Release|x64
		{D4D673BD-9875-42EB-9F16-63F134E66ECA}.Release|x64.Build.0 = Release|x64
		{D4D673BD-9875-42EB-9F16-63F134E66ECA}.Release|x86.ActiveCfg = Release|Win32
		{D4D673BD-9875-42EB-9F16-63F134E66ECA}.Release|x86.Build.0 = Release|Win32
		{22D35EB2-3C87-483B-9CBA-047312989B3A}.Debug|x64.ActiveCfg = Debug|x64
		{22D35EB2-3C87-483B-9CBA-047312989B3A}.Debug|x64.Build.0 = Debug|x64
		{22D35EB2-3C87-483B-9CBA-047312989B3A}.Debug|x86.ActiveCfg = Debug|Win32
		{22D35EB2-3C87-483B-9CBA-047312989B3A}.Debug|x86.Build.0 = Debug|Win32
		{22D35EB2-3C87-483B-9CBA-047312989B3A}.Release|x64.ActiveCfg = Release|x64
		{22D35EB2-3C87-483B-9CBA-047312989B3A}.Release|x64.Build.0 = Release|x64
		{22D35EB2-3C87-483B-9CBA-047312989B3A}.Release|x86.ActiveCfg = Release|Win32
		{22D35EB2-3C87-483B-9CBA-047312989B3A}.Release|x86.Build.0 = Release|Win32
		{97F39824-AB07-486E-B1B5-204E845520B5}.Debug|x64.ActiveCfg = Debug|x64
		{97F39824-AB07-486E-B1B5-204E845520B5}.Debug|x64.Build.0 = Debug|x64
		{97F39824-AB07-486E-B1B5-204E845520B5}.Debug|x86.ActiveCfg = Debug|Win32
		{97F39824-AB07-486E-B1B5-204E845520B5}.Debug|x86.Build.0 = Debug|Win32
		{97F39824-AB07-486E-B1B5-204E845520B5}.Release|x64.ActiveCfg = Release|x64
		{97F39824-AB07-486E-B1B5-204E845520B5}.Release|x64.Build.0 = Release|x64
		{97F39824-AB07-486E-B1B5-204E845520B5}.Release|x86.ActiveCfg = Release|Win32
		{97F39824-AB07-486E-B1B5-204E845520B5}.Release|x86.Build.0 = Release|Win32
		{ECBCE818-EDCC-47A0-BB79-F2E96F758E74}.Debug|x64.ActiveCfg = Debug|x64
		{ECBCE818-EDCC-47A0-BB79-F2E96F758E74}.Debug|x64.Build.0 = Debug|x64
		{ECBCE818-EDCC-47A0-BB79-F2E96F758E74}.Debug|x86.ActiveCfg = Debug|Win32
		{ECBCE818-EDCC-47A0-BB79-F2E96F758E74}.Debug|x86.Build.0 = Debug|Win32
		{ECBCE818-EDCC-47A0-BB79-F2E96F758E74}.Release|x64.ActiveCfg = Release|x64
		{ECBCE818-EDCC-47A0-BB79-F2E96F758E74}.Release|x64.Build.0 = Release|x64
		{ECBCE818-EDCC-47A0-BB79-F2E96F758E74}.Release|x86.ActiveCfg = Release|Win32
		{ECBCE818-EDCC-47A0-BB79-F2E96F758E74}.Release|x86.Build.0 = Release|Win32
		{AE183F26-4B39-48F5-811B-0337B92112BD}.Debug|x64.ActiveCfg = Debug|x64
		{AE183F26-4B39-48F5-811B-0337B92112BD}.Debug|x64.Build.0 = Debug|x64
		{AE183F26-4B39-48F5-811B-0337B92112BD}.Debug|x86.ActiveCfg = Debug|Win32
		{AE183F26-4B39-48F5-811B-0337B92112BD}.Debug|x86.Build.0 = Debug|Win32
		{AE183F26-4B39-48F5-811B-0337B92112BD}.Release|x64.ActiveCfg = Release|x64
		{AE183F26-4B39-48F5-811B-0337B92112BD}.Release|x64.Build.0 = Release|x64
		{AE183F26-4B39-48F5-811B-0337B92112BD}.Release|x86.ActiveCfg = Release|Win32
		{AE183F26-4B39-48F5-811B-0337B92112BD}.Release|x86.Build.0 = Release|Win32
	EndGlobalSection
	GlobalSection(SolutionProperties) = preSolution
		HideSolutionNode = FALSE
	EndGlobalSection
	GlobalSection(NestedProjects) = preSolution
		{327CE344-1989-467D-8480-9859CE5DCEAB} = {2C25D542-FAC0-4257-B295-215183CF03F5}
		{D4D673BD-9875-42EB-9F16-63F134E66ECA} = {73480B8B-35C5-42BC-B32B-63447952B928}
		{22D35EB2-3C87-483B-9CBA-047312989B3A} = {8590599A-9795-4F31-8822-B4FEDDDD96A6}
		{97F39824-AB07-486E-B1B5-204E845520B5} = {D5FBB970-FA91-455B-855A-F46BE1031CAF}
		{ECBCE818-EDCC-47A0-BB79-F2E96F758E74} = {8590599A-9795-4F31-8822-B4FEDDDD96A6}
		{AE183F26-4B39-48F5-811B-0337B92112BD} = {65F89072-9C5F-4045-AE34-39523B16601D}
	EndGlobalSection
	GlobalSection(ExtensibilityGlobals) = postSolution
		SolutionGuid = {C7A8510D-2070-4E80-AFEE-99EFF416C37E}
	EndGlobalSection
EndGlobal
