
Microsoft Visual Studio Solution File, Format Version 12.00
# Visual Studio Version 17
VisualStudioVersion = 17.11.35327.3
MinimumVisualStudioVersion = 10.0.40219.1
Project("{2150E333-8FDC-42A3-9474-1A3956D46DE8}") = "00", "00", "{2C25D542-FAC0-4257-B295-215183CF03F5}"
EndProject
Project("{8BC9CEB8-8B4A-11D0-8D11-00A0C91BC942}") = "EngineBase", "EngineBase\EngineBase.vcxproj", "{DF4B4291-93A5-40C0-A537-0725AC7F3321}"
EndProject
Project("{2150E333-8FDC-42A3-9474-1A3956D46DE8}") = "01", "01", "{73480B8B-35C5-42BC-B32B-63447952B928}"
EndProject
Project("{8BC9CEB8-8B4A-11D0-8D11-00A0C91BC942}") = "EnginePlatform", "EnginePlatform\EnginePlatform.vcxproj", "{71915B5A-E439-4A8F-A638-B1B17D6E6F39}"
EndProject
Project("{2150E333-8FDC-42A3-9474-1A3956D46DE8}") = "02", "02", "{8590599A-9795-4F31-8822-B4FEDDDD96A6}"
EndProject
Project("{8BC9CEB8-8B4A-11D0-8D11-00A0C91BC942}") = "EngineCore", "EngineCore\EngineCore.vcxproj", "{3786A82E-B6E4-43BF-8E72-978D5ECE7E1C}"
EndProject
Project("{2150E333-8FDC-42A3-9474-1A3956D46DE8}") = "03", "03", "{65F89072-9C5F-4045-AE34-39523B16601D}"
EndProject
Project("{8BC9CEB8-8B4A-11D0-8D11-00A0C91BC942}") = "EngineContents", "EngineContents\EngineContents.vcxproj", "{5DACD77B-85E5-48E9-9031-5794FFAA280A}"
EndProject
Project("{2150E333-8FDC-42A3-9474-1A3956D46DE8}") = "04", "04", "{D5FBB970-FA91-455B-855A-F46BE1031CAF}"
EndProject
Global
	GlobalSection(SolutionConfigurationPlatforms) = preSolution
		Debug|x64 = Debug|x64
		Debug|x86 = Debug|x86
		Release|x64 = Release|x64
		Release|x86 = Release|x86
	EndGlobalSection
	GlobalSection(ProjectConfigurationPlatforms) = postSolution
		{DF4B4291-93A5-40C0-A537-0725AC7F3321}.Debug|x64.ActiveCfg = Debug|x64
		{DF4B4291-93A5-40C0-A537-0725AC7F3321}.Debug|x64.Build.0 = Debug|x64
		{DF4B4291-93A5-40C0-A537-0725AC7F3321}.Debug|x86.ActiveCfg = Debug|Win32
		{DF4B4291-93A5-40C0-A537-0725AC7F3321}.Debug|x86.Build.0 = Debug|Win32
		{DF4B4291-93A5-40C0-A537-0725AC7F3321}.Release|x64.ActiveCfg = Release|x64
		{DF4B4291-93A5-40C0-A537-0725AC7F3321}.Release|x64.Build.0 = Release|x64
		{DF4B4291-93A5-40C0-A537-0725AC7F3321}.Release|x86.ActiveCfg = Release|Win32
		{DF4B4291-93A5-40C0-A537-0725AC7F3321}.Release|x86.Build.0 = Release|Win32
		{71915B5A-E439-4A8F-A638-B1B17D6E6F39}.Debug|x64.ActiveCfg = Debug|x64
		{71915B5A-E439-4A8F-A638-B1B17D6E6F39}.Debug|x64.Build.0 = Debug|x64
		{71915B5A-E439-4A8F-A638-B1B17D6E6F39}.Debug|x86.ActiveCfg = Debug|Win32
		{71915B5A-E439-4A8F-A638-B1B17D6E6F39}.Debug|x86.Build.0 = Debug|Win32
		{71915B5A-E439-4A8F-A638-B1B17D6E6F39}.Release|x64.ActiveCfg = Release|x64
		{71915B5A-E439-4A8F-A638-B1B17D6E6F39}.Release|x64.Build.0 = Release|x64
		{71915B5A-E439-4A8F-A638-B1B17D6E6F39}.Release|x86.ActiveCfg = Release|Win32
		{71915B5A-E439-4A8F-A638-B1B17D6E6F39}.Release|x86.Build.0 = Release|Win32
		{3786A82E-B6E4-43BF-8E72-978D5ECE7E1C}.Debug|x64.ActiveCfg = Debug|x64
		{3786A82E-B6E4-43BF-8E72-978D5ECE7E1C}.Debug|x64.Build.0 = Debug|x64
		{3786A82E-B6E4-43BF-8E72-978D5ECE7E1C}.Debug|x86.ActiveCfg = Debug|Win32
		{3786A82E-B6E4-43BF-8E72-978D5ECE7E1C}.Debug|x86.Build.0 = Debug|Win32
		{3786A82E-B6E4-43BF-8E72-978D5ECE7E1C}.Release|x64.ActiveCfg = Release|x64
		{3786A82E-B6E4-43BF-8E72-978D5ECE7E1C}.Release|x64.Build.0 = Release|x64
		{3786A82E-B6E4-43BF-8E72-978D5ECE7E1C}.Release|x86.ActiveCfg = Release|Win32
		{3786A82E-B6E4-43BF-8E72-978D5ECE7E1C}.Release|x86.Build.0 = Release|Win32
		{5DACD77B-85E5-48E9-9031-5794FFAA280A}.Debug|x64.ActiveCfg = Debug|x64
		{5DACD77B-85E5-48E9-9031-5794FFAA280A}.Debug|x64.Build.0 = Debug|x64
		{5DACD77B-85E5-48E9-9031-5794FFAA280A}.Debug|x86.ActiveCfg = Debug|Win32
		{5DACD77B-85E5-48E9-9031-5794FFAA280A}.Debug|x86.Build.0 = Debug|Win32
		{5DACD77B-85E5-48E9-9031-5794FFAA280A}.Release|x64.ActiveCfg = Release|x64
		{5DACD77B-85E5-48E9-9031-5794FFAA280A}.Release|x64.Build.0 = Release|x64
		{5DACD77B-85E5-48E9-9031-5794FFAA280A}.Release|x86.ActiveCfg = Release|Win32
		{5DACD77B-85E5-48E9-9031-5794FFAA280A}.Release|x86.Build.0 = Release|Win32
	EndGlobalSection
	GlobalSection(SolutionProperties) = preSolution
		HideSolutionNode = FALSE
	EndGlobalSection
	GlobalSection(NestedProjects) = preSolution
		{DF4B4291-93A5-40C0-A537-0725AC7F3321} = {2C25D542-FAC0-4257-B295-215183CF03F5}
		{71915B5A-E439-4A8F-A638-B1B17D6E6F39} = {73480B8B-35C5-42BC-B32B-63447952B928}
		{3786A82E-B6E4-43BF-8E72-978D5ECE7E1C} = {8590599A-9795-4F31-8822-B4FEDDDD96A6}
		{5DACD77B-85E5-48E9-9031-5794FFAA280A} = {65F89072-9C5F-4045-AE34-39523B16601D}
	EndGlobalSection
	GlobalSection(ExtensibilityGlobals) = postSolution
		SolutionGuid = {C7A8510D-2070-4E80-AFEE-99EFF416C37E}
	EndGlobalSection
EndGlobal
